
Microsoft Visual Studio Solution File, Format Version 12.00
# Visual Studio Version 17
VisualStudioVersion = 17.3.32922.545
MinimumVisualStudioVersion = 10.0.40219.1
Project("{FAE04EC0-301F-11D3-BF4B-00C04F79EFBC}") = "OnePageMVC", "OnePageMVC\OnePageMVC.csproj", "{CAF5D586-BF7B-4E96-B0CB-AE42F0B46091}"
EndProject
Global
	GlobalSection(SolutionConfigurationPlatforms) = preSolution
		Debug|Any CPU = Debug|Any CPU
		Release|Any CPU = Release|Any CPU
	EndGlobalSection
	GlobalSection(ProjectConfigurationPlatforms) = postSolution
		{CAF5D586-BF7B-4E96-B0CB-AE42F0B46091}.Debug|Any CPU.ActiveCfg = Debug|Any CPU
		{CAF5D586-BF7B-4E96-B0CB-AE42F0B46091}.Debug|Any CPU.Build.0 = Debug|Any CPU
		{CAF5D586-BF7B-4E96-B0CB-AE42F0B46091}.Release|Any CPU.ActiveCfg = Release|Any CPU
		{CAF5D586-BF7B-4E96-B0CB-AE42F0B46091}.Release|Any CPU.Build.0 = Release|Any CPU
	EndGlobalSection
	GlobalSection(SolutionProperties) = preSolution
		HideSolutionNode = FALSE
	EndGlobalSection
	GlobalSection(ExtensibilityGlobals) = postSolution
		SolutionGuid = {8A2ED50C-6A6E-487F-ABE2-FCDE3790A501}
	EndGlobalSection
EndGlobal
